
Microsoft Visual Studio Solution File, Format Version 12.00
# Visual Studio Version 17
VisualStudioVersion = 17.1.32210.238
MinimumVisualStudioVersion = 10.0.40219.1
Project("{FAE04EC0-301F-11D3-BF4B-00C04F79EFBC}") = "lab1", "lab1\lab1.csproj", "{966AC3B9-6C23-4C7E-8999-93054135B2A6}"
EndProject
Global
	GlobalSection(SolutionConfigurationPlatforms) = preSolution
		Debug|Any CPU = Debug|Any CPU
		Release|Any CPU = Release|Any CPU
	EndGlobalSection
	GlobalSection(ProjectConfigurationPlatforms) = postSolution
		{966AC3B9-6C23-4C7E-8999-93054135B2A6}.Debug|Any CPU.ActiveCfg = Debug|Any CPU
		{966AC3B9-6C23-4C7E-8999-93054135B2A6}.Debug|Any CPU.Build.0 = Debug|Any CPU
		{966AC3B9-6C23-4C7E-8999-93054135B2A6}.Release|Any CPU.ActiveCfg = Release|Any CPU
		{966AC3B9-6C23-4C7E-8999-93054135B2A6}.Release|Any CPU.Build.0 = Release|Any CPU
	EndGlobalSection
	GlobalSection(SolutionProperties) = preSolution
		HideSolutionNode = FALSE
	EndGlobalSection
	GlobalSection(ExtensibilityGlobals) = postSolution
		SolutionGuid = {76A564E8-CAF3-4932-9C64-3D2BD4E1AECA}
	EndGlobalSection
EndGlobal
